
Microsoft Visual Studio Solution File, Format Version 12.00
# Visual Studio Version 16
VisualStudioVersion = 16.0.30611.23
MinimumVisualStudioVersion = 10.0.40219.1
Project("{FAE04EC0-301F-11D3-BF4B-00C04F79EFBC}") = "step244", "step244\step244.csproj", "{6BE4CAC3-B11C-49D2-B4E3-C17AE2205D65}"
EndProject
Global
	GlobalSection(SolutionConfigurationPlatforms) = preSolution
		Debug|Any CPU = Debug|Any CPU
		Release|Any CPU = Release|Any CPU
	EndGlobalSection
	GlobalSection(ProjectConfigurationPlatforms) = postSolution
		{6BE4CAC3-B11C-49D2-B4E3-C17AE2205D65}.Debug|Any CPU.ActiveCfg = Debug|Any CPU
		{6BE4CAC3-B11C-49D2-B4E3-C17AE2205D65}.Debug|Any CPU.Build.0 = Debug|Any CPU
		{6BE4CAC3-B11C-49D2-B4E3-C17AE2205D65}.Release|Any CPU.ActiveCfg = Release|Any CPU
		{6BE4CAC3-B11C-49D2-B4E3-C17AE2205D65}.Release|Any CPU.Build.0 = Release|Any CPU
	EndGlobalSection
	GlobalSection(SolutionProperties) = preSolution
		HideSolutionNode = FALSE
	EndGlobalSection
	GlobalSection(ExtensibilityGlobals) = postSolution
		SolutionGuid = {E6055218-18B7-4A67-A8D7-6773935A516E}
	EndGlobalSection
EndGlobal
