
Microsoft Visual Studio Solution File, Format Version 12.00
# Visual Studio Version 16
VisualStudioVersion = 16.0.30611.23
MinimumVisualStudioVersion = 10.0.40219.1
Project("{FAE04EC0-301F-11D3-BF4B-00C04F79EFBC}") = "Step214", "Step214\Step214.csproj", "{1ADAAFF7-0EA8-4E15-AA49-0D98FC23006E}"
EndProject
Global
	GlobalSection(SolutionConfigurationPlatforms) = preSolution
		Debug|Any CPU = Debug|Any CPU
		Release|Any CPU = Release|Any CPU
	EndGlobalSection
	GlobalSection(ProjectConfigurationPlatforms) = postSolution
		{1ADAAFF7-0EA8-4E15-AA49-0D98FC23006E}.Debug|Any CPU.ActiveCfg = Debug|Any CPU
		{1ADAAFF7-0EA8-4E15-AA49-0D98FC23006E}.Debug|Any CPU.Build.0 = Debug|Any CPU
		{1ADAAFF7-0EA8-4E15-AA49-0D98FC23006E}.Release|Any CPU.ActiveCfg = Release|Any CPU
		{1ADAAFF7-0EA8-4E15-AA49-0D98FC23006E}.Release|Any CPU.Build.0 = Release|Any CPU
	EndGlobalSection
	GlobalSection(SolutionProperties) = preSolution
		HideSolutionNode = FALSE
	EndGlobalSection
	GlobalSection(ExtensibilityGlobals) = postSolution
		SolutionGuid = {981F0F6C-204F-4D68-847E-E54ABF61C99F}
	EndGlobalSection
EndGlobal
