
Microsoft Visual Studio Solution File, Format Version 12.00
# Visual Studio Version 16
VisualStudioVersion = 16.0.30611.23
MinimumVisualStudioVersion = 10.0.40219.1
Project("{FAE04EC0-301F-11D3-BF4B-00C04F79EFBC}") = "step236", "step236\step236.csproj", "{F81C32F7-2054-447C-A2E6-21D3152DC2B7}"
EndProject
Global
	GlobalSection(SolutionConfigurationPlatforms) = preSolution
		Debug|Any CPU = Debug|Any CPU
		Release|Any CPU = Release|Any CPU
	EndGlobalSection
	GlobalSection(ProjectConfigurationPlatforms) = postSolution
		{F81C32F7-2054-447C-A2E6-21D3152DC2B7}.Debug|Any CPU.ActiveCfg = Debug|Any CPU
		{F81C32F7-2054-447C-A2E6-21D3152DC2B7}.Debug|Any CPU.Build.0 = Debug|Any CPU
		{F81C32F7-2054-447C-A2E6-21D3152DC2B7}.Release|Any CPU.ActiveCfg = Release|Any CPU
		{F81C32F7-2054-447C-A2E6-21D3152DC2B7}.Release|Any CPU.Build.0 = Release|Any CPU
	EndGlobalSection
	GlobalSection(SolutionProperties) = preSolution
		HideSolutionNode = FALSE
	EndGlobalSection
	GlobalSection(ExtensibilityGlobals) = postSolution
		SolutionGuid = {E5FB9BA3-0421-405C-B8B5-A88E547918E5}
	EndGlobalSection
EndGlobal
