
Microsoft Visual Studio Solution File, Format Version 12.00
# Visual Studio Version 16
VisualStudioVersion = 16.0.30611.23
MinimumVisualStudioVersion = 10.0.40219.1
Project("{FAE04EC0-301F-11D3-BF4B-00C04F79EFBC}") = "step297", "step297\step297.csproj", "{4E69C90D-6712-4CE2-87AB-2C6F0A48A37F}"
EndProject
Global
	GlobalSection(SolutionConfigurationPlatforms) = preSolution
		Debug|Any CPU = Debug|Any CPU
		Release|Any CPU = Release|Any CPU
	EndGlobalSection
	GlobalSection(ProjectConfigurationPlatforms) = postSolution
		{4E69C90D-6712-4CE2-87AB-2C6F0A48A37F}.Debug|Any CPU.ActiveCfg = Debug|Any CPU
		{4E69C90D-6712-4CE2-87AB-2C6F0A48A37F}.Debug|Any CPU.Build.0 = Debug|Any CPU
		{4E69C90D-6712-4CE2-87AB-2C6F0A48A37F}.Release|Any CPU.ActiveCfg = Release|Any CPU
		{4E69C90D-6712-4CE2-87AB-2C6F0A48A37F}.Release|Any CPU.Build.0 = Release|Any CPU
	EndGlobalSection
	GlobalSection(SolutionProperties) = preSolution
		HideSolutionNode = FALSE
	EndGlobalSection
	GlobalSection(ExtensibilityGlobals) = postSolution
		SolutionGuid = {74AE10C2-D47B-4BB9-B36C-04CAAE04B9C5}
	EndGlobalSection
EndGlobal
